
Microsoft Visual Studio Solution File, Format Version 12.00
# Visual Studio Version 17
VisualStudioVersion = 17.11.35312.102
MinimumVisualStudioVersion = 10.0.40219.1
Project("{9A19103F-16F7-4668-BE54-9A1E7A4F7556}") = "University.Models", "University.Models\University.Models.csproj", "{D20DA430-91FE-4278-AC6C-EA62D3896650}"
EndProject
Project("{9A19103F-16F7-4668-BE54-9A1E7A4F7556}") = "University.Persistence", "University.Persistence\University.Persistence.csproj", "{B163D775-B976-4B6F-AFAA-EA0184FFF946}"
EndProject
Project("{FAE04EC0-301F-11D3-BF4B-00C04F79EFBC}") = "University.MVC", "University.MVC\University.MVC.csproj", "{2F8728D7-5C86-4D12-A66B-46B4D742AFD4}"
EndProject
Global
	GlobalSection(SolutionConfigurationPlatforms) = preSolution
		Debug|Any CPU = Debug|Any CPU
		Release|Any CPU = Release|Any CPU
	EndGlobalSection
	GlobalSection(ProjectConfigurationPlatforms) = postSolution
		{D20DA430-91FE-4278-AC6C-EA62D3896650}.Debug|Any CPU.ActiveCfg = Debug|Any CPU
		{D20DA430-91FE-4278-AC6C-EA62D3896650}.Debug|Any CPU.Build.0 = Debug|Any CPU
		{D20DA430-91FE-4278-AC6C-EA62D3896650}.Release|Any CPU.ActiveCfg = Release|Any CPU
		{D20DA430-91FE-4278-AC6C-EA62D3896650}.Release|Any CPU.Build.0 = Release|Any CPU
		{B163D775-B976-4B6F-AFAA-EA0184FFF946}.Debug|Any CPU.ActiveCfg = Debug|Any CPU
		{B163D775-B976-4B6F-AFAA-EA0184FFF946}.Debug|Any CPU.Build.0 = Debug|Any CPU
		{B163D775-B976-4B6F-AFAA-EA0184FFF946}.Release|Any CPU.ActiveCfg = Release|Any CPU
		{B163D775-B976-4B6F-AFAA-EA0184FFF946}.Release|Any CPU.Build.0 = Release|Any CPU
		{2F8728D7-5C86-4D12-A66B-46B4D742AFD4}.Debug|Any CPU.ActiveCfg = Debug|Any CPU
		{2F8728D7-5C86-4D12-A66B-46B4D742AFD4}.Debug|Any CPU.Build.0 = Debug|Any CPU
		{2F8728D7-5C86-4D12-A66B-46B4D742AFD4}.Release|Any CPU.ActiveCfg = Release|Any CPU
		{2F8728D7-5C86-4D12-A66B-46B4D742AFD4}.Release|Any CPU.Build.0 = Release|Any CPU
	EndGlobalSection
	GlobalSection(SolutionProperties) = preSolution
		HideSolutionNode = FALSE
	EndGlobalSection
	GlobalSection(ExtensibilityGlobals) = postSolution
		SolutionGuid = {469152E9-E9DE-48FC-9E4B-3373FFE897C3}
	EndGlobalSection
EndGlobal
